
Microsoft Visual Studio Solution File, Format Version 12.00
# Visual Studio 15
VisualStudioVersion = 15.0.28307.902
MinimumVisualStudioVersion = 10.0.40219.1
Project("{FAE04EC0-301F-11D3-BF4B-00C04F79EFBC}") = "Template", "Template\Template.csproj", "{C60E105F-8ABE-4CB7-A5F5-12D360C836D1}"
EndProject
Project("{FAE04EC0-301F-11D3-BF4B-00C04F79EFBC}") = "Model", "Model\Model.csproj", "{0B4A6448-CA31-4F14-AAFD-167E59CA4335}"
EndProject
Project("{FAE04EC0-301F-11D3-BF4B-00C04F79EFBC}") = "Framework", "Framework\Framework.csproj", "{99C8CC3E-3B3F-4D4A-AE08-696068CF4332}"
EndProject
Project("{FAE04EC0-301F-11D3-BF4B-00C04F79EFBC}") = "DataAccess", "DataAccess\DataAccess.csproj", "{3DCE27EE-2A5D-4099-B7B2-FA554A0BF46D}"
EndProject
Project("{FAE04EC0-301F-11D3-BF4B-00C04F79EFBC}") = "Bussiness", "Bussiness\Bussiness.csproj", "{6E17BEE0-85F3-4325-B447-9294E9705C58}"
EndProject
Project("{FAE04EC0-301F-11D3-BF4B-00C04F79EFBC}") = "CodeBlock", "CodeBlock\CodeBlock.csproj", "{444625A7-ED92-4CAD-95C8-5BF9027323D5}"
EndProject
Project("{2150E333-8FDC-42A3-9474-1A3956D46DE8}") = "templateMVC", "templateMVC", "{0FB05F53-3C31-40EE-AA0B-71E8AC5B038E}"
EndProject
Project("{FAE04EC0-301F-11D3-BF4B-00C04F79EFBC}") = "Vue", "Vue\Vue.csproj", "{FDEDFCAD-01E7-42A1-ADA5-79160C8FD67C}"
EndProject
Project("{FAE04EC0-301F-11D3-BF4B-00C04F79EFBC}") = "wxPayApiMVC", "wxPayApiMVC\wxPayApiMVC.csproj", "{6847D9C1-05FE-42BC-8F94-AB4BEF505BD5}"
EndProject
Project("{2150E333-8FDC-42A3-9474-1A3956D46DE8}") = "test", "test", "{78723520-8AF1-45C6-93B5-DEE771EC8EEA}"
EndProject
Project("{2150E333-8FDC-42A3-9474-1A3956D46DE8}") = "WebApi.Core", "WebApi.Core", "{F93B4542-766E-49CD-AD06-25804E1BDA6C}"
EndProject
Project("{FAE04EC0-301F-11D3-BF4B-00C04F79EFBC}") = "WebAPI.Core", "WebApi.Core\WebAPI.Core.csproj", "{BB2C885A-A5D2-4E69-9CB8-68821FD6E612}"
EndProject
Project("{FAE04EC0-301F-11D3-BF4B-00C04F79EFBC}") = "WebApplication2", "WebApplication2\WebApplication2.csproj", "{E312F650-4007-41B8-AF59-8530295FC860}"
EndProject
Project("{FAE04EC0-301F-11D3-BF4B-00C04F79EFBC}") = "OrderMeal", "OrderMeal\OrderMeal.csproj", "{C46E72F0-8C42-4E16-8BBF-BF9543D4BD59}"
EndProject
Project("{FAE04EC0-301F-11D3-BF4B-00C04F79EFBC}") = "WeChat.Common", "WeChat.Common\WeChat.Common.csproj", "{9800F2E0-7866-4CC2-A357-96FAF913D8AF}"
EndProject
Global
	GlobalSection(SolutionConfigurationPlatforms) = preSolution
		Debug|Any CPU = Debug|Any CPU
		Debug|x64 = Debug|x64
		Dev|Any CPU = Dev|Any CPU
		Dev|x64 = Dev|x64
		Product|Any CPU = Product|Any CPU
		Product|x64 = Product|x64
		QA|Any CPU = QA|Any CPU
		QA|x64 = QA|x64
		Release|Any CPU = Release|Any CPU
		Release|x64 = Release|x64
		Test|Any CPU = Test|Any CPU
		Test|x64 = Test|x64
	EndGlobalSection
	GlobalSection(ProjectConfigurationPlatforms) = postSolution
		{C60E105F-8ABE-4CB7-A5F5-12D360C836D1}.Debug|Any CPU.ActiveCfg = Debug|Any CPU
		{C60E105F-8ABE-4CB7-A5F5-12D360C836D1}.Debug|Any CPU.Build.0 = Debug|Any CPU
		{C60E105F-8ABE-4CB7-A5F5-12D360C836D1}.Debug|x64.ActiveCfg = Debug|Any CPU
		{C60E105F-8ABE-4CB7-A5F5-12D360C836D1}.Debug|x64.Build.0 = Debug|Any CPU
		{C60E105F-8ABE-4CB7-A5F5-12D360C836D1}.Dev|Any CPU.ActiveCfg = Debug|Any CPU
		{C60E105F-8ABE-4CB7-A5F5-12D360C836D1}.Dev|Any CPU.Build.0 = Debug|Any CPU
		{C60E105F-8ABE-4CB7-A5F5-12D360C836D1}.Dev|x64.ActiveCfg = Debug|Any CPU
		{C60E105F-8ABE-4CB7-A5F5-12D360C836D1}.Dev|x64.Build.0 = Debug|Any CPU
		{C60E105F-8ABE-4CB7-A5F5-12D360C836D1}.Product|Any CPU.ActiveCfg = Release|Any CPU
		{C60E105F-8ABE-4CB7-A5F5-12D360C836D1}.Product|Any CPU.Build.0 = Release|Any CPU
		{C60E105F-8ABE-4CB7-A5F5-12D360C836D1}.Product|x64.ActiveCfg = Release|Any CPU
		{C60E105F-8ABE-4CB7-A5F5-12D360C836D1}.Product|x64.Build.0 = Release|Any CPU
		{C60E105F-8ABE-4CB7-A5F5-12D360C836D1}.QA|Any CPU.ActiveCfg = Release|Any CPU
		{C60E105F-8ABE-4CB7-A5F5-12D360C836D1}.QA|Any CPU.Build.0 = Release|Any CPU
		{C60E105F-8ABE-4CB7-A5F5-12D360C836D1}.QA|x64.ActiveCfg = Release|Any CPU
		{C60E105F-8ABE-4CB7-A5F5-12D360C836D1}.QA|x64.Build.0 = Release|Any CPU
		{C60E105F-8ABE-4CB7-A5F5-12D360C836D1}.Release|Any CPU.ActiveCfg = Release|Any CPU
		{C60E105F-8ABE-4CB7-A5F5-12D360C836D1}.Release|Any CPU.Build.0 = Release|Any CPU
		{C60E105F-8ABE-4CB7-A5F5-12D360C836D1}.Release|x64.ActiveCfg = Release|Any CPU
		{C60E105F-8ABE-4CB7-A5F5-12D360C836D1}.Release|x64.Build.0 = Release|Any CPU
		{C60E105F-8ABE-4CB7-A5F5-12D360C836D1}.Test|Any CPU.ActiveCfg = Release|Any CPU
		{C60E105F-8ABE-4CB7-A5F5-12D360C836D1}.Test|Any CPU.Build.0 = Release|Any CPU
		{C60E105F-8ABE-4CB7-A5F5-12D360C836D1}.Test|x64.ActiveCfg = Release|Any CPU
		{C60E105F-8ABE-4CB7-A5F5-12D360C836D1}.Test|x64.Build.0 = Release|Any CPU
		{0B4A6448-CA31-4F14-AAFD-167E59CA4335}.Debug|Any CPU.ActiveCfg = Debug|Any CPU
		{0B4A6448-CA31-4F14-AAFD-167E59CA4335}.Debug|Any CPU.Build.0 = Debug|Any CPU
		{0B4A6448-CA31-4F14-AAFD-167E59CA4335}.Debug|x64.ActiveCfg = Debug|Any CPU
		{0B4A6448-CA31-4F14-AAFD-167E59CA4335}.Debug|x64.Build.0 = Debug|Any CPU
		{0B4A6448-CA31-4F14-AAFD-167E59CA4335}.Dev|Any CPU.ActiveCfg = Debug|Any CPU
		{0B4A6448-CA31-4F14-AAFD-167E59CA4335}.Dev|Any CPU.Build.0 = Debug|Any CPU
		{0B4A6448-CA31-4F14-AAFD-167E59CA4335}.Dev|x64.ActiveCfg = Debug|Any CPU
		{0B4A6448-CA31-4F14-AAFD-167E59CA4335}.Dev|x64.Build.0 = Debug|Any CPU
		{0B4A6448-CA31-4F14-AAFD-167E59CA4335}.Product|Any CPU.ActiveCfg = Release|Any CPU
		{0B4A6448-CA31-4F14-AAFD-167E59CA4335}.Product|Any CPU.Build.0 = Release|Any CPU
		{0B4A6448-CA31-4F14-AAFD-167E59CA4335}.Product|x64.ActiveCfg = Release|Any CPU
		{0B4A6448-CA31-4F14-AAFD-167E59CA4335}.Product|x64.Build.0 = Release|Any CPU
		{0B4A6448-CA31-4F14-AAFD-167E59CA4335}.QA|Any CPU.ActiveCfg = Release|Any CPU
		{0B4A6448-CA31-4F14-AAFD-167E59CA4335}.QA|Any CPU.Build.0 = Release|Any CPU
		{0B4A6448-CA31-4F14-AAFD-167E59CA4335}.QA|x64.ActiveCfg = Release|Any CPU
		{0B4A6448-CA31-4F14-AAFD-167E59CA4335}.QA|x64.Build.0 = Release|Any CPU
		{0B4A6448-CA31-4F14-AAFD-167E59CA4335}.Release|Any CPU.ActiveCfg = Release|Any CPU
		{0B4A6448-CA31-4F14-AAFD-167E59CA4335}.Release|Any CPU.Build.0 = Release|Any CPU
		{0B4A6448-CA31-4F14-AAFD-167E59CA4335}.Release|x64.ActiveCfg = Release|Any CPU
		{0B4A6448-CA31-4F14-AAFD-167E59CA4335}.Release|x64.Build.0 = Release|Any CPU
		{0B4A6448-CA31-4F14-AAFD-167E59CA4335}.Test|Any CPU.ActiveCfg = Release|Any CPU
		{0B4A6448-CA31-4F14-AAFD-167E59CA4335}.Test|Any CPU.Build.0 = Release|Any CPU
		{0B4A6448-CA31-4F14-AAFD-167E59CA4335}.Test|x64.ActiveCfg = Release|Any CPU
		{0B4A6448-CA31-4F14-AAFD-167E59CA4335}.Test|x64.Build.0 = Release|Any CPU
		{99C8CC3E-3B3F-4D4A-AE08-696068CF4332}.Debug|Any CPU.ActiveCfg = Debug|Any CPU
		{99C8CC3E-3B3F-4D4A-AE08-696068CF4332}.Debug|Any CPU.Build.0 = Debug|Any CPU
		{99C8CC3E-3B3F-4D4A-AE08-696068CF4332}.Debug|x64.ActiveCfg = Debug|x64
		{99C8CC3E-3B3F-4D4A-AE08-696068CF4332}.Debug|x64.Build.0 = Debug|x64
		{99C8CC3E-3B3F-4D4A-AE08-696068CF4332}.Dev|Any CPU.ActiveCfg = Debug|Any CPU
		{99C8CC3E-3B3F-4D4A-AE08-696068CF4332}.Dev|Any CPU.Build.0 = Debug|Any CPU
		{99C8CC3E-3B3F-4D4A-AE08-696068CF4332}.Dev|x64.ActiveCfg = Debug|x64
		{99C8CC3E-3B3F-4D4A-AE08-696068CF4332}.Dev|x64.Build.0 = Debug|x64
		{99C8CC3E-3B3F-4D4A-AE08-696068CF4332}.Product|Any CPU.ActiveCfg = Test|Any CPU
		{99C8CC3E-3B3F-4D4A-AE08-696068CF4332}.Product|Any CPU.Build.0 = Test|Any CPU
		{99C8CC3E-3B3F-4D4A-AE08-696068CF4332}.Product|x64.ActiveCfg = Test|x64
		{99C8CC3E-3B3F-4D4A-AE08-696068CF4332}.Product|x64.Build.0 = Test|x64
		{99C8CC3E-3B3F-4D4A-AE08-696068CF4332}.QA|Any CPU.ActiveCfg = Test|Any CPU
		{99C8CC3E-3B3F-4D4A-AE08-696068CF4332}.QA|Any CPU.Build.0 = Test|Any CPU
		{99C8CC3E-3B3F-4D4A-AE08-696068CF4332}.QA|x64.ActiveCfg = Test|x64
		{99C8CC3E-3B3F-4D4A-AE08-696068CF4332}.QA|x64.Build.0 = Test|x64
		{99C8CC3E-3B3F-4D4A-AE08-696068CF4332}.Release|Any CPU.ActiveCfg = Release|Any CPU
		{99C8CC3E-3B3F-4D4A-AE08-696068CF4332}.Release|Any CPU.Build.0 = Release|Any CPU
		{99C8CC3E-3B3F-4D4A-AE08-696068CF4332}.Release|x64.ActiveCfg = Release|x64
		{99C8CC3E-3B3F-4D4A-AE08-696068CF4332}.Release|x64.Build.0 = Release|x64
		{99C8CC3E-3B3F-4D4A-AE08-696068CF4332}.Test|Any CPU.ActiveCfg = Test|Any CPU
		{99C8CC3E-3B3F-4D4A-AE08-696068CF4332}.Test|Any CPU.Build.0 = Test|Any CPU
		{99C8CC3E-3B3F-4D4A-AE08-696068CF4332}.Test|x64.ActiveCfg = Test|x64
		{99C8CC3E-3B3F-4D4A-AE08-696068CF4332}.Test|x64.Build.0 = Test|x64
		{3DCE27EE-2A5D-4099-B7B2-FA554A0BF46D}.Debug|Any CPU.ActiveCfg = Debug|Any CPU
		{3DCE27EE-2A5D-4099-B7B2-FA554A0BF46D}.Debug|Any CPU.Build.0 = Debug|Any CPU
		{3DCE27EE-2A5D-4099-B7B2-FA554A0BF46D}.Debug|x64.ActiveCfg = Debug|Any CPU
		{3DCE27EE-2A5D-4099-B7B2-FA554A0BF46D}.Debug|x64.Build.0 = Debug|Any CPU
		{3DCE27EE-2A5D-4099-B7B2-FA554A0BF46D}.Dev|Any CPU.ActiveCfg = Debug|Any CPU
		{3DCE27EE-2A5D-4099-B7B2-FA554A0BF46D}.Dev|Any CPU.Build.0 = Debug|Any CPU
		{3DCE27EE-2A5D-4099-B7B2-FA554A0BF46D}.Dev|x64.ActiveCfg = Debug|Any CPU
		{3DCE27EE-2A5D-4099-B7B2-FA554A0BF46D}.Dev|x64.Build.0 = Debug|Any CPU
		{3DCE27EE-2A5D-4099-B7B2-FA554A0BF46D}.Product|Any CPU.ActiveCfg = Release|Any CPU
		{3DCE27EE-2A5D-4099-B7B2-FA554A0BF46D}.Product|Any CPU.Build.0 = Release|Any CPU
		{3DCE27EE-2A5D-4099-B7B2-FA554A0BF46D}.Product|x64.ActiveCfg = Release|Any CPU
		{3DCE27EE-2A5D-4099-B7B2-FA554A0BF46D}.Product|x64.Build.0 = Release|Any CPU
		{3DCE27EE-2A5D-4099-B7B2-FA554A0BF46D}.QA|Any CPU.ActiveCfg = Release|Any CPU
		{3DCE27EE-2A5D-4099-B7B2-FA554A0BF46D}.QA|Any CPU.Build.0 = Release|Any CPU
		{3DCE27EE-2A5D-4099-B7B2-FA554A0BF46D}.QA|x64.ActiveCfg = Release|Any CPU
		{3DCE27EE-2A5D-4099-B7B2-FA554A0BF46D}.QA|x64.Build.0 = Release|Any CPU
		{3DCE27EE-2A5D-4099-B7B2-FA554A0BF46D}.Release|Any CPU.ActiveCfg = Release|Any CPU
		{3DCE27EE-2A5D-4099-B7B2-FA554A0BF46D}.Release|Any CPU.Build.0 = Release|Any CPU
		{3DCE27EE-2A5D-4099-B7B2-FA554A0BF46D}.Release|x64.ActiveCfg = Release|Any CPU
		{3DCE27EE-2A5D-4099-B7B2-FA554A0BF46D}.Release|x64.Build.0 = Release|Any CPU
		{3DCE27EE-2A5D-4099-B7B2-FA554A0BF46D}.Test|Any CPU.ActiveCfg = Release|Any CPU
		{3DCE27EE-2A5D-4099-B7B2-FA554A0BF46D}.Test|Any CPU.Build.0 = Release|Any CPU
		{3DCE27EE-2A5D-4099-B7B2-FA554A0BF46D}.Test|x64.ActiveCfg = Release|Any CPU
		{3DCE27EE-2A5D-4099-B7B2-FA554A0BF46D}.Test|x64.Build.0 = Release|Any CPU
		{6E17BEE0-85F3-4325-B447-9294E9705C58}.Debug|Any CPU.ActiveCfg = Debug|Any CPU
		{6E17BEE0-85F3-4325-B447-9294E9705C58}.Debug|Any CPU.Build.0 = Debug|Any CPU
		{6E17BEE0-85F3-4325-B447-9294E9705C58}.Debug|x64.ActiveCfg = Debug|Any CPU
		{6E17BEE0-85F3-4325-B447-9294E9705C58}.Debug|x64.Build.0 = Debug|Any CPU
		{6E17BEE0-85F3-4325-B447-9294E9705C58}.Dev|Any CPU.ActiveCfg = Debug|Any CPU
		{6E17BEE0-85F3-4325-B447-9294E9705C58}.Dev|Any CPU.Build.0 = Debug|Any CPU
		{6E17BEE0-85F3-4325-B447-9294E9705C58}.Dev|x64.ActiveCfg = Debug|Any CPU
		{6E17BEE0-85F3-4325-B447-9294E9705C58}.Dev|x64.Build.0 = Debug|Any CPU
		{6E17BEE0-85F3-4325-B447-9294E9705C58}.Product|Any CPU.ActiveCfg = Release|Any CPU
		{6E17BEE0-85F3-4325-B447-9294E9705C58}.Product|Any CPU.Build.0 = Release|Any CPU
		{6E17BEE0-85F3-4325-B447-9294E9705C58}.Product|x64.ActiveCfg = Release|Any CPU
		{6E17BEE0-85F3-4325-B447-9294E9705C58}.Product|x64.Build.0 = Release|Any CPU
		{6E17BEE0-85F3-4325-B447-9294E9705C58}.QA|Any CPU.ActiveCfg = Release|Any CPU
		{6E17BEE0-85F3-4325-B447-9294E9705C58}.QA|Any CPU.Build.0 = Release|Any CPU
		{6E17BEE0-85F3-4325-B447-9294E9705C58}.QA|x64.ActiveCfg = Release|Any CPU
		{6E17BEE0-85F3-4325-B447-9294E9705C58}.QA|x64.Build.0 = Release|Any CPU
		{6E17BEE0-85F3-4325-B447-9294E9705C58}.Release|Any CPU.ActiveCfg = Release|Any CPU
		{6E17BEE0-85F3-4325-B447-9294E9705C58}.Release|Any CPU.Build.0 = Release|Any CPU
		{6E17BEE0-85F3-4325-B447-9294E9705C58}.Release|x64.ActiveCfg = Release|Any CPU
		{6E17BEE0-85F3-4325-B447-9294E9705C58}.Release|x64.Build.0 = Release|Any CPU
		{6E17BEE0-85F3-4325-B447-9294E9705C58}.Test|Any CPU.ActiveCfg = Release|Any CPU
		{6E17BEE0-85F3-4325-B447-9294E9705C58}.Test|Any CPU.Build.0 = Release|Any CPU
		{6E17BEE0-85F3-4325-B447-9294E9705C58}.Test|x64.ActiveCfg = Release|Any CPU
		{6E17BEE0-85F3-4325-B447-9294E9705C58}.Test|x64.Build.0 = Release|Any CPU
		{444625A7-ED92-4CAD-95C8-5BF9027323D5}.Debug|Any CPU.ActiveCfg = Debug|Any CPU
		{444625A7-ED92-4CAD-95C8-5BF9027323D5}.Debug|Any CPU.Build.0 = Debug|Any CPU
		{444625A7-ED92-4CAD-95C8-5BF9027323D5}.Debug|x64.ActiveCfg = Debug|Any CPU
		{444625A7-ED92-4CAD-95C8-5BF9027323D5}.Debug|x64.Build.0 = Debug|Any CPU
		{444625A7-ED92-4CAD-95C8-5BF9027323D5}.Dev|Any CPU.ActiveCfg = Debug|Any CPU
		{444625A7-ED92-4CAD-95C8-5BF9027323D5}.Dev|Any CPU.Build.0 = Debug|Any CPU
		{444625A7-ED92-4CAD-95C8-5BF9027323D5}.Dev|x64.ActiveCfg = Debug|Any CPU
		{444625A7-ED92-4CAD-95C8-5BF9027323D5}.Dev|x64.Build.0 = Debug|Any CPU
		{444625A7-ED92-4CAD-95C8-5BF9027323D5}.Product|Any CPU.ActiveCfg = Release|Any CPU
		{444625A7-ED92-4CAD-95C8-5BF9027323D5}.Product|Any CPU.Build.0 = Release|Any CPU
		{444625A7-ED92-4CAD-95C8-5BF9027323D5}.Product|x64.ActiveCfg = Release|Any CPU
		{444625A7-ED92-4CAD-95C8-5BF9027323D5}.Product|x64.Build.0 = Release|Any CPU
		{444625A7-ED92-4CAD-95C8-5BF9027323D5}.QA|Any CPU.ActiveCfg = Release|Any CPU
		{444625A7-ED92-4CAD-95C8-5BF9027323D5}.QA|Any CPU.Build.0 = Release|Any CPU
		{444625A7-ED92-4CAD-95C8-5BF9027323D5}.QA|x64.ActiveCfg = Release|Any CPU
		{444625A7-ED92-4CAD-95C8-5BF9027323D5}.QA|x64.Build.0 = Release|Any CPU
		{444625A7-ED92-4CAD-95C8-5BF9027323D5}.Release|Any CPU.ActiveCfg = Release|Any CPU
		{444625A7-ED92-4CAD-95C8-5BF9027323D5}.Release|Any CPU.Build.0 = Release|Any CPU
		{444625A7-ED92-4CAD-95C8-5BF9027323D5}.Release|x64.ActiveCfg = Release|Any CPU
		{444625A7-ED92-4CAD-95C8-5BF9027323D5}.Release|x64.Build.0 = Release|Any CPU
		{444625A7-ED92-4CAD-95C8-5BF9027323D5}.Test|Any CPU.ActiveCfg = Release|Any CPU
		{444625A7-ED92-4CAD-95C8-5BF9027323D5}.Test|Any CPU.Build.0 = Release|Any CPU
		{444625A7-ED92-4CAD-95C8-5BF9027323D5}.Test|x64.ActiveCfg = Release|Any CPU
		{444625A7-ED92-4CAD-95C8-5BF9027323D5}.Test|x64.Build.0 = Release|Any CPU
		{FDEDFCAD-01E7-42A1-ADA5-79160C8FD67C}.Debug|Any CPU.ActiveCfg = Debug|Any CPU
		{FDEDFCAD-01E7-42A1-ADA5-79160C8FD67C}.Debug|Any CPU.Build.0 = Debug|Any CPU
		{FDEDFCAD-01E7-42A1-ADA5-79160C8FD67C}.Debug|x64.ActiveCfg = Debug|Any CPU
		{FDEDFCAD-01E7-42A1-ADA5-79160C8FD67C}.Debug|x64.Build.0 = Debug|Any CPU
		{FDEDFCAD-01E7-42A1-ADA5-79160C8FD67C}.Dev|Any CPU.ActiveCfg = Debug|Any CPU
		{FDEDFCAD-01E7-42A1-ADA5-79160C8FD67C}.Dev|Any CPU.Build.0 = Debug|Any CPU
		{FDEDFCAD-01E7-42A1-ADA5-79160C8FD67C}.Dev|x64.ActiveCfg = Debug|Any CPU
		{FDEDFCAD-01E7-42A1-ADA5-79160C8FD67C}.Dev|x64.Build.0 = Debug|Any CPU
		{FDEDFCAD-01E7-42A1-ADA5-79160C8FD67C}.Product|Any CPU.ActiveCfg = Release|Any CPU
		{FDEDFCAD-01E7-42A1-ADA5-79160C8FD67C}.Product|Any CPU.Build.0 = Release|Any CPU
		{FDEDFCAD-01E7-42A1-ADA5-79160C8FD67C}.Product|x64.ActiveCfg = Release|Any CPU
		{FDEDFCAD-01E7-42A1-ADA5-79160C8FD67C}.Product|x64.Build.0 = Release|Any CPU
		{FDEDFCAD-01E7-42A1-ADA5-79160C8FD67C}.QA|Any CPU.ActiveCfg = Release|Any CPU
		{FDEDFCAD-01E7-42A1-ADA5-79160C8FD67C}.QA|Any CPU.Build.0 = Release|Any CPU
		{FDEDFCAD-01E7-42A1-ADA5-79160C8FD67C}.QA|x64.ActiveCfg = Release|Any CPU
		{FDEDFCAD-01E7-42A1-ADA5-79160C8FD67C}.QA|x64.Build.0 = Release|Any CPU
		{FDEDFCAD-01E7-42A1-ADA5-79160C8FD67C}.Release|Any CPU.ActiveCfg = Release|Any CPU
		{FDEDFCAD-01E7-42A1-ADA5-79160C8FD67C}.Release|Any CPU.Build.0 = Release|Any CPU
		{FDEDFCAD-01E7-42A1-ADA5-79160C8FD67C}.Release|x64.ActiveCfg = Release|Any CPU
		{FDEDFCAD-01E7-42A1-ADA5-79160C8FD67C}.Release|x64.Build.0 = Release|Any CPU
		{FDEDFCAD-01E7-42A1-ADA5-79160C8FD67C}.Test|Any CPU.ActiveCfg = Release|Any CPU
		{FDEDFCAD-01E7-42A1-ADA5-79160C8FD67C}.Test|Any CPU.Build.0 = Release|Any CPU
		{FDEDFCAD-01E7-42A1-ADA5-79160C8FD67C}.Test|x64.ActiveCfg = Release|Any CPU
		{FDEDFCAD-01E7-42A1-ADA5-79160C8FD67C}.Test|x64.Build.0 = Release|Any CPU
		{6847D9C1-05FE-42BC-8F94-AB4BEF505BD5}.Debug|Any CPU.ActiveCfg = Debug|Any CPU
		{6847D9C1-05FE-42BC-8F94-AB4BEF505BD5}.Debug|Any CPU.Build.0 = Debug|Any CPU
		{6847D9C1-05FE-42BC-8F94-AB4BEF505BD5}.Debug|x64.ActiveCfg = Debug|Any CPU
		{6847D9C1-05FE-42BC-8F94-AB4BEF505BD5}.Debug|x64.Build.0 = Debug|Any CPU
		{6847D9C1-05FE-42BC-8F94-AB4BEF505BD5}.Dev|Any CPU.ActiveCfg = Debug|Any CPU
		{6847D9C1-05FE-42BC-8F94-AB4BEF505BD5}.Dev|Any CPU.Build.0 = Debug|Any CPU
		{6847D9C1-05FE-42BC-8F94-AB4BEF505BD5}.Dev|x64.ActiveCfg = Debug|Any CPU
		{6847D9C1-05FE-42BC-8F94-AB4BEF505BD5}.Dev|x64.Build.0 = Debug|Any CPU
		{6847D9C1-05FE-42BC-8F94-AB4BEF505BD5}.Product|Any CPU.ActiveCfg = Release|Any CPU
		{6847D9C1-05FE-42BC-8F94-AB4BEF505BD5}.Product|Any CPU.Build.0 = Release|Any CPU
		{6847D9C1-05FE-42BC-8F94-AB4BEF505BD5}.Product|x64.ActiveCfg = Release|Any CPU
		{6847D9C1-05FE-42BC-8F94-AB4BEF505BD5}.Product|x64.Build.0 = Release|Any CPU
		{6847D9C1-05FE-42BC-8F94-AB4BEF505BD5}.QA|Any CPU.ActiveCfg = Release|Any CPU
		{6847D9C1-05FE-42BC-8F94-AB4BEF505BD5}.QA|Any CPU.Build.0 = Release|Any CPU
		{6847D9C1-05FE-42BC-8F94-AB4BEF505BD5}.QA|x64.ActiveCfg = Release|Any CPU
		{6847D9C1-05FE-42BC-8F94-AB4BEF505BD5}.QA|x64.Build.0 = Release|Any CPU
		{6847D9C1-05FE-42BC-8F94-AB4BEF505BD5}.Release|Any CPU.ActiveCfg = Release|Any CPU
		{6847D9C1-05FE-42BC-8F94-AB4BEF505BD5}.Release|Any CPU.Build.0 = Release|Any CPU
		{6847D9C1-05FE-42BC-8F94-AB4BEF505BD5}.Release|x64.ActiveCfg = Release|Any CPU
		{6847D9C1-05FE-42BC-8F94-AB4BEF505BD5}.Release|x64.Build.0 = Release|Any CPU
		{6847D9C1-05FE-42BC-8F94-AB4BEF505BD5}.Test|Any CPU.ActiveCfg = Release|Any CPU
		{6847D9C1-05FE-42BC-8F94-AB4BEF505BD5}.Test|Any CPU.Build.0 = Release|Any CPU
		{6847D9C1-05FE-42BC-8F94-AB4BEF505BD5}.Test|x64.ActiveCfg = Release|Any CPU
		{6847D9C1-05FE-42BC-8F94-AB4BEF505BD5}.Test|x64.Build.0 = Release|Any CPU
		{BB2C885A-A5D2-4E69-9CB8-68821FD6E612}.Debug|Any CPU.ActiveCfg = Debug|Any CPU
		{BB2C885A-A5D2-4E69-9CB8-68821FD6E612}.Debug|Any CPU.Build.0 = Debug|Any CPU
		{BB2C885A-A5D2-4E69-9CB8-68821FD6E612}.Debug|x64.ActiveCfg = Debug|Any CPU
		{BB2C885A-A5D2-4E69-9CB8-68821FD6E612}.Debug|x64.Build.0 = Debug|Any CPU
		{BB2C885A-A5D2-4E69-9CB8-68821FD6E612}.Dev|Any CPU.ActiveCfg = Debug|Any CPU
		{BB2C885A-A5D2-4E69-9CB8-68821FD6E612}.Dev|Any CPU.Build.0 = Debug|Any CPU
		{BB2C885A-A5D2-4E69-9CB8-68821FD6E612}.Dev|x64.ActiveCfg = Debug|Any CPU
		{BB2C885A-A5D2-4E69-9CB8-68821FD6E612}.Dev|x64.Build.0 = Debug|Any CPU
		{BB2C885A-A5D2-4E69-9CB8-68821FD6E612}.Product|Any CPU.ActiveCfg = Release|Any CPU
		{BB2C885A-A5D2-4E69-9CB8-68821FD6E612}.Product|Any CPU.Build.0 = Release|Any CPU
		{BB2C885A-A5D2-4E69-9CB8-68821FD6E612}.Product|x64.ActiveCfg = Release|Any CPU
		{BB2C885A-A5D2-4E69-9CB8-68821FD6E612}.Product|x64.Build.0 = Release|Any CPU
		{BB2C885A-A5D2-4E69-9CB8-68821FD6E612}.QA|Any CPU.ActiveCfg = Release|Any CPU
		{BB2C885A-A5D2-4E69-9CB8-68821FD6E612}.QA|Any CPU.Build.0 = Release|Any CPU
		{BB2C885A-A5D2-4E69-9CB8-68821FD6E612}.QA|x64.ActiveCfg = Release|Any CPU
		{BB2C885A-A5D2-4E69-9CB8-68821FD6E612}.QA|x64.Build.0 = Release|Any CPU
		{BB2C885A-A5D2-4E69-9CB8-68821FD6E612}.Release|Any CPU.ActiveCfg = Release|Any CPU
		{BB2C885A-A5D2-4E69-9CB8-68821FD6E612}.Release|Any CPU.Build.0 = Release|Any CPU
		{BB2C885A-A5D2-4E69-9CB8-68821FD6E612}.Release|x64.ActiveCfg = Release|Any CPU
		{BB2C885A-A5D2-4E69-9CB8-68821FD6E612}.Release|x64.Build.0 = Release|Any CPU
		{BB2C885A-A5D2-4E69-9CB8-68821FD6E612}.Test|Any CPU.ActiveCfg = Release|Any CPU
		{BB2C885A-A5D2-4E69-9CB8-68821FD6E612}.Test|Any CPU.Build.0 = Release|Any CPU
		{BB2C885A-A5D2-4E69-9CB8-68821FD6E612}.Test|x64.ActiveCfg = Release|Any CPU
		{BB2C885A-A5D2-4E69-9CB8-68821FD6E612}.Test|x64.Build.0 = Release|Any CPU
		{E312F650-4007-41B8-AF59-8530295FC860}.Debug|Any CPU.ActiveCfg = Debug|Any CPU
		{E312F650-4007-41B8-AF59-8530295FC860}.Debug|Any CPU.Build.0 = Debug|Any CPU
		{E312F650-4007-41B8-AF59-8530295FC860}.Debug|x64.ActiveCfg = Debug|Any CPU
		{E312F650-4007-41B8-AF59-8530295FC860}.Debug|x64.Build.0 = Debug|Any CPU
		{E312F650-4007-41B8-AF59-8530295FC860}.Dev|Any CPU.ActiveCfg = Debug|Any CPU
		{E312F650-4007-41B8-AF59-8530295FC860}.Dev|Any CPU.Build.0 = Debug|Any CPU
		{E312F650-4007-41B8-AF59-8530295FC860}.Dev|x64.ActiveCfg = Debug|Any CPU
		{E312F650-4007-41B8-AF59-8530295FC860}.Dev|x64.Build.0 = Debug|Any CPU
		{E312F650-4007-41B8-AF59-8530295FC860}.Product|Any CPU.ActiveCfg = Release|Any CPU
		{E312F650-4007-41B8-AF59-8530295FC860}.Product|Any CPU.Build.0 = Release|Any CPU
		{E312F650-4007-41B8-AF59-8530295FC860}.Product|x64.ActiveCfg = Release|Any CPU
		{E312F650-4007-41B8-AF59-8530295FC860}.Product|x64.Build.0 = Release|Any CPU
		{E312F650-4007-41B8-AF59-8530295FC860}.QA|Any CPU.ActiveCfg = Release|Any CPU
		{E312F650-4007-41B8-AF59-8530295FC860}.QA|Any CPU.Build.0 = Release|Any CPU
		{E312F650-4007-41B8-AF59-8530295FC860}.QA|x64.ActiveCfg = Release|Any CPU
		{E312F650-4007-41B8-AF59-8530295FC860}.QA|x64.Build.0 = Release|Any CPU
		{E312F650-4007-41B8-AF59-8530295FC860}.Release|Any CPU.ActiveCfg = Release|Any CPU
		{E312F650-4007-41B8-AF59-8530295FC860}.Release|Any CPU.Build.0 = Release|Any CPU
		{E312F650-4007-41B8-AF59-8530295FC860}.Release|x64.ActiveCfg = Release|Any CPU
		{E312F650-4007-41B8-AF59-8530295FC860}.Release|x64.Build.0 = Release|Any CPU
		{E312F650-4007-41B8-AF59-8530295FC860}.Test|Any CPU.ActiveCfg = Release|Any CPU
		{E312F650-4007-41B8-AF59-8530295FC860}.Test|Any CPU.Build.0 = Release|Any CPU
		{E312F650-4007-41B8-AF59-8530295FC860}.Test|x64.ActiveCfg = Release|Any CPU
		{E312F650-4007-41B8-AF59-8530295FC860}.Test|x64.Build.0 = Release|Any CPU
		{C46E72F0-8C42-4E16-8BBF-BF9543D4BD59}.Debug|Any CPU.ActiveCfg = Debug|Any CPU
		{C46E72F0-8C42-4E16-8BBF-BF9543D4BD59}.Debug|Any CPU.Build.0 = Debug|Any CPU
		{C46E72F0-8C42-4E16-8BBF-BF9543D4BD59}.Debug|x64.ActiveCfg = Debug|Any CPU
		{C46E72F0-8C42-4E16-8BBF-BF9543D4BD59}.Debug|x64.Build.0 = Debug|Any CPU
		{C46E72F0-8C42-4E16-8BBF-BF9543D4BD59}.Dev|Any CPU.ActiveCfg = Debug|Any CPU
		{C46E72F0-8C42-4E16-8BBF-BF9543D4BD59}.Dev|Any CPU.Build.0 = Debug|Any CPU
		{C46E72F0-8C42-4E16-8BBF-BF9543D4BD59}.Dev|x64.ActiveCfg = Debug|Any CPU
		{C46E72F0-8C42-4E16-8BBF-BF9543D4BD59}.Dev|x64.Build.0 = Debug|Any CPU
		{C46E72F0-8C42-4E16-8BBF-BF9543D4BD59}.Product|Any CPU.ActiveCfg = Release|Any CPU
		{C46E72F0-8C42-4E16-8BBF-BF9543D4BD59}.Product|Any CPU.Build.0 = Release|Any CPU
		{C46E72F0-8C42-4E16-8BBF-BF9543D4BD59}.Product|x64.ActiveCfg = Release|Any CPU
		{C46E72F0-8C42-4E16-8BBF-BF9543D4BD59}.Product|x64.Build.0 = Release|Any CPU
		{C46E72F0-8C42-4E16-8BBF-BF9543D4BD59}.QA|Any CPU.ActiveCfg = Release|Any CPU
		{C46E72F0-8C42-4E16-8BBF-BF9543D4BD59}.QA|Any CPU.Build.0 = Release|Any CPU
		{C46E72F0-8C42-4E16-8BBF-BF9543D4BD59}.QA|x64.ActiveCfg = Release|Any CPU
		{C46E72F0-8C42-4E16-8BBF-BF9543D4BD59}.QA|x64.Build.0 = Release|Any CPU
		{C46E72F0-8C42-4E16-8BBF-BF9543D4BD59}.Release|Any CPU.ActiveCfg = Release|Any CPU
		{C46E72F0-8C42-4E16-8BBF-BF9543D4BD59}.Release|Any CPU.Build.0 = Release|Any CPU
		{C46E72F0-8C42-4E16-8BBF-BF9543D4BD59}.Release|x64.ActiveCfg = Release|Any CPU
		{C46E72F0-8C42-4E16-8BBF-BF9543D4BD59}.Release|x64.Build.0 = Release|Any CPU
		{C46E72F0-8C42-4E16-8BBF-BF9543D4BD59}.Test|Any CPU.ActiveCfg = Release|Any CPU
		{C46E72F0-8C42-4E16-8BBF-BF9543D4BD59}.Test|Any CPU.Build.0 = Release|Any CPU
		{C46E72F0-8C42-4E16-8BBF-BF9543D4BD59}.Test|x64.ActiveCfg = Release|Any CPU
		{C46E72F0-8C42-4E16-8BBF-BF9543D4BD59}.Test|x64.Build.0 = Release|Any CPU
		{9800F2E0-7866-4CC2-A357-96FAF913D8AF}.Debug|Any CPU.ActiveCfg = Dev|Any CPU
		{9800F2E0-7866-4CC2-A357-96FAF913D8AF}.Debug|Any CPU.Build.0 = Dev|Any CPU
		{9800F2E0-7866-4CC2-A357-96FAF913D8AF}.Debug|x64.ActiveCfg = Dev|Any CPU
		{9800F2E0-7866-4CC2-A357-96FAF913D8AF}.Debug|x64.Build.0 = Dev|Any CPU
		{9800F2E0-7866-4CC2-A357-96FAF913D8AF}.Dev|Any CPU.ActiveCfg = Dev|Any CPU
		{9800F2E0-7866-4CC2-A357-96FAF913D8AF}.Dev|Any CPU.Build.0 = Dev|Any CPU
		{9800F2E0-7866-4CC2-A357-96FAF913D8AF}.Dev|x64.ActiveCfg = Dev|Any CPU
		{9800F2E0-7866-4CC2-A357-96FAF913D8AF}.Dev|x64.Build.0 = Dev|Any CPU
		{9800F2E0-7866-4CC2-A357-96FAF913D8AF}.Product|Any CPU.ActiveCfg = Product|Any CPU
		{9800F2E0-7866-4CC2-A357-96FAF913D8AF}.Product|Any CPU.Build.0 = Product|Any CPU
		{9800F2E0-7866-4CC2-A357-96FAF913D8AF}.Product|x64.ActiveCfg = Product|Any CPU
		{9800F2E0-7866-4CC2-A357-96FAF913D8AF}.Product|x64.Build.0 = Product|Any CPU
		{9800F2E0-7866-4CC2-A357-96FAF913D8AF}.QA|Any CPU.ActiveCfg = QA|Any CPU
		{9800F2E0-7866-4CC2-A357-96FAF913D8AF}.QA|Any CPU.Build.0 = QA|Any CPU
		{9800F2E0-7866-4CC2-A357-96FAF913D8AF}.QA|x64.ActiveCfg = QA|Any CPU
		{9800F2E0-7866-4CC2-A357-96FAF913D8AF}.QA|x64.Build.0 = QA|Any CPU
		{9800F2E0-7866-4CC2-A357-96FAF913D8AF}.Release|Any CPU.ActiveCfg = Dev|Any CPU
		{9800F2E0-7866-4CC2-A357-96FAF913D8AF}.Release|Any CPU.Build.0 = Dev|Any CPU
		{9800F2E0-7866-4CC2-A357-96FAF913D8AF}.Release|x64.ActiveCfg = Dev|Any CPU
		{9800F2E0-7866-4CC2-A357-96FAF913D8AF}.Release|x64.Build.0 = Dev|Any CPU
		{9800F2E0-7866-4CC2-A357-96FAF913D8AF}.Test|Any CPU.ActiveCfg = Dev|Any CPU
		{9800F2E0-7866-4CC2-A357-96FAF913D8AF}.Test|Any CPU.Build.0 = Dev|Any CPU
		{9800F2E0-7866-4CC2-A357-96FAF913D8AF}.Test|x64.ActiveCfg = Dev|Any CPU
		{9800F2E0-7866-4CC2-A357-96FAF913D8AF}.Test|x64.Build.0 = Dev|Any CPU
	EndGlobalSection
	GlobalSection(SolutionProperties) = preSolution
		HideSolutionNode = FALSE
	EndGlobalSection
	GlobalSection(NestedProjects) = preSolution
		{C60E105F-8ABE-4CB7-A5F5-12D360C836D1} = {0FB05F53-3C31-40EE-AA0B-71E8AC5B038E}
		{0B4A6448-CA31-4F14-AAFD-167E59CA4335} = {0FB05F53-3C31-40EE-AA0B-71E8AC5B038E}
		{99C8CC3E-3B3F-4D4A-AE08-696068CF4332} = {0FB05F53-3C31-40EE-AA0B-71E8AC5B038E}
		{3DCE27EE-2A5D-4099-B7B2-FA554A0BF46D} = {0FB05F53-3C31-40EE-AA0B-71E8AC5B038E}
		{6E17BEE0-85F3-4325-B447-9294E9705C58} = {0FB05F53-3C31-40EE-AA0B-71E8AC5B038E}
		{BB2C885A-A5D2-4E69-9CB8-68821FD6E612} = {F93B4542-766E-49CD-AD06-25804E1BDA6C}
		{E312F650-4007-41B8-AF59-8530295FC860} = {78723520-8AF1-45C6-93B5-DEE771EC8EEA}
	EndGlobalSection
	GlobalSection(ExtensibilityGlobals) = postSolution
		SolutionGuid = {7872F228-171D-4044-9769-B3527FE761C7}
		EnterpriseLibraryConfigurationToolBinariesPathV6 = packages\EnterpriseLibrary.Common.6.0.1304.0\lib\NET45
	EndGlobalSection
EndGlobal
